{
    "_readme": [
        "This file locks the dependencies of your project to a known state",
        "Read more about it at https://getcomposer.org/doc/01-basic-usage.md#installing-dependencies",
        "This file is @generated automatically"
    ],
    "content-hash": "2e28f6e5ce2150d7b71d68d0e9cd6b6a",
    "packages": [
        {
            "name": "skiphog/container",
            "version": "v1.0.0",
            "source": {
                "type": "git",
                "url": "https://github.com/skiphog/container",
                "reference": "9b24253318a00c7fee5c85737010c66d882b06bf"
            },
            "require": {
                "php": "^7.1"
            },
            "require-dev": {
                "phpunit/phpunit": "^7"
            },
            "type": "library",
            "autoload": {
                "psr-4": {
                    "Skiphog\\": "src/"
                }
            },
            "license": [
                "MIT"
            ],
            "authors": [
                {
                    "name": "Skopin Alexey",
                    "email": "skiphog@mail.ru"
                }
            ],
            "description": "Very small static registry container. This is a test package.",
            "keywords": [
                "Container"
            ],
            "time": "2018-05-17T14:27:26+00:00"
        },
        {
            "name": "skiphog/wardex",
            "version": "v1.0.1",
            "source": {
                "type": "git",
                "url": "https://github.com/skiphog/wardex",
                "reference": "9dc36b76989b445ec7b5f3a208333b3634392c1a"
            },
            "require": {
                "php": "^7.1"
            },
            "require-dev": {
                "phpunit/phpunit": "^7"
            },
            "type": "library",
            "autoload": {
                "psr-4": {
                    "Wardex\\": "src/"
                }
            },
            "license": [
                "MIT"
            ],
            "authors": [
                {
                    "name": "Skopin Alexey",
                    "email": "skiphog@mail.ru"
                }
            ],
            "description": "Very small foundation. This is a test package.",
            "keywords": [
                "Example"
            ],
            "time": "2018-08-03T17:17:08+00:00"
        }
    ],
    "packages-dev": [],
    "aliases": [],
    "minimum-stability": "dev",
    "stability-flags": [],
    "prefer-stable": true,
    "prefer-lowest": false,
    "platform": {
        "php": "^7.2"
    },
    "platform-dev": []
}
